
Microsoft Visual Studio Solution File, Format Version 12.00
# Visual Studio Version 16
VisualStudioVersion = 16.0.33328.57
MinimumVisualStudioVersion = 10.0.40219.1
Project("{9A19103F-16F7-4668-BE54-9A1E7A4F7556}") = "WebApplication1", "WebApplication1\WebApplication1.csproj", "{C56FE92F-0001-4791-9853-EC35C0C63627}"
EndProject
Global
	GlobalSection(SolutionConfigurationPlatforms) = preSolution
		Debug|Any CPU = Debug|Any CPU
		Release|Any CPU = Release|Any CPU
	EndGlobalSection
	GlobalSection(ProjectConfigurationPlatforms) = postSolution
		{C56FE92F-0001-4791-9853-EC35C0C63627}.Debug|Any CPU.ActiveCfg = Debug|Any CPU
		{C56FE92F-0001-4791-9853-EC35C0C63627}.Debug|Any CPU.Build.0 = Debug|Any CPU
		{C56FE92F-0001-4791-9853-EC35C0C63627}.Release|Any CPU.ActiveCfg = Release|Any CPU
		{C56FE92F-0001-4791-9853-EC35C0C63627}.Release|Any CPU.Build.0 = Release|Any CPU
	EndGlobalSection
	GlobalSection(SolutionProperties) = preSolution
		HideSolutionNode = FALSE
	EndGlobalSection
	GlobalSection(ExtensibilityGlobals) = postSolution
		SolutionGuid = {B871C5C8-1218-4424-8476-21BAB1B5D917}
	EndGlobalSection
EndGlobal
